
Microsoft Visual Studio Solution File, Format Version 12.00
# Visual Studio Version 17
VisualStudioVersion = 17.9.34714.143
MinimumVisualStudioVersion = 10.0.40219.1
Project("{FAE04EC0-301F-11D3-BF4B-00C04F79EFBC}") = "RevisedCode2", "RevisedCode2\RevisedCode2.csproj", "{1ECE6388-FAA3-4BAB-83E9-66B9E53C4CF6}"
EndProject
Global
	GlobalSection(SolutionConfigurationPlatforms) = preSolution
		Debug|Any CPU = Debug|Any CPU
		Release|Any CPU = Release|Any CPU
	EndGlobalSection
	GlobalSection(ProjectConfigurationPlatforms) = postSolution
		{1ECE6388-FAA3-4BAB-83E9-66B9E53C4CF6}.Debug|Any CPU.ActiveCfg = Debug|Any CPU
		{1ECE6388-FAA3-4BAB-83E9-66B9E53C4CF6}.Debug|Any CPU.Build.0 = Debug|Any CPU
		{1ECE6388-FAA3-4BAB-83E9-66B9E53C4CF6}.Release|Any CPU.ActiveCfg = Release|Any CPU
		{1ECE6388-FAA3-4BAB-83E9-66B9E53C4CF6}.Release|Any CPU.Build.0 = Release|Any CPU
	EndGlobalSection
	GlobalSection(SolutionProperties) = preSolution
		HideSolutionNode = FALSE
	EndGlobalSection
	GlobalSection(ExtensibilityGlobals) = postSolution
		SolutionGuid = {BE5127C9-E370-49E1-8EA3-E8F84CA5F37A}
	EndGlobalSection
EndGlobal
